
Microsoft Visual Studio Solution File, Format Version 12.00
# Visual Studio Version 16
VisualStudioVersion = 16.0.30523.141
MinimumVisualStudioVersion = 10.0.40219.1
Project("{9A19103F-16F7-4668-BE54-9A1E7A4F7556}") = "Noggin.NetCoreAuth", "Noggin.NetCoreAuth\Noggin.NetCoreAuth.csproj", "{1B96BE9B-8AA5-4E2F-8F24-D32DFAFDDE67}"
EndProject
Project("{9A19103F-16F7-4668-BE54-9A1E7A4F7556}") = "Noggin.SampleSite", "Noggin.SampleSite\Noggin.SampleSite.csproj", "{C67E21A7-8007-4E22-A12B-DCB0DE66028B}"
EndProject
Project("{2150E333-8FDC-42A3-9474-1A3956D46DE8}") = "Solution Items", "Solution Items", "{D113DC17-CBD4-412F-B29B-3DB1A39DC6AE}"
	ProjectSection(SolutionItems) = preProject
		.editorconfig = .editorconfig
		LICENSE.md = LICENSE.md
		README.md = README.md
	EndProjectSection
EndProject
Project("{9A19103F-16F7-4668-BE54-9A1E7A4F7556}") = "Noggin.NetCoreAuth.Tests", "Noggin.NetCoreAuth.Tests\Noggin.NetCoreAuth.Tests.csproj", "{7F2D581D-9663-4EA3-9DF8-0354E33865E3}"
EndProject
Project("{2150E333-8FDC-42A3-9474-1A3956D46DE8}") = "Pipelines", "Pipelines", "{A86A6EBA-F4B1-495A-8CD1-F2A473034E47}"
	ProjectSection(SolutionItems) = preProject
		azure-pipelines.yml = azure-pipelines.yml
	EndProjectSection
EndProject
Project("{2150E333-8FDC-42A3-9474-1A3956D46DE8}") = "GitHub", "GitHub", "{F8D62D59-993D-4D8B-BE32-3B3FAA182B2B}"
	ProjectSection(SolutionItems) = preProject
		.github\workflows\develop-build-test.yml = .github\workflows\develop-build-test.yml
		.github\workflows\master-build-test.yml = .github\workflows\master-build-test.yml
	EndProjectSection
EndProject
Global
	GlobalSection(SolutionConfigurationPlatforms) = preSolution
		Debug|Any CPU = Debug|Any CPU
		Release|Any CPU = Release|Any CPU
	EndGlobalSection
	GlobalSection(ProjectConfigurationPlatforms) = postSolution
		{1B96BE9B-8AA5-4E2F-8F24-D32DFAFDDE67}.Debug|Any CPU.ActiveCfg = Debug|Any CPU
		{1B96BE9B-8AA5-4E2F-8F24-D32DFAFDDE67}.Debug|Any CPU.Build.0 = Debug|Any CPU
		{1B96BE9B-8AA5-4E2F-8F24-D32DFAFDDE67}.Release|Any CPU.ActiveCfg = Release|Any CPU
		{1B96BE9B-8AA5-4E2F-8F24-D32DFAFDDE67}.Release|Any CPU.Build.0 = Release|Any CPU
		{C67E21A7-8007-4E22-A12B-DCB0DE66028B}.Debug|Any CPU.ActiveCfg = Debug|Any CPU
		{C67E21A7-8007-4E22-A12B-DCB0DE66028B}.Debug|Any CPU.Build.0 = Debug|Any CPU
		{C67E21A7-8007-4E22-A12B-DCB0DE66028B}.Release|Any CPU.ActiveCfg = Release|Any CPU
		{C67E21A7-8007-4E22-A12B-DCB0DE66028B}.Release|Any CPU.Build.0 = Release|Any CPU
		{7F2D581D-9663-4EA3-9DF8-0354E33865E3}.Debug|Any CPU.ActiveCfg = Debug|Any CPU
		{7F2D581D-9663-4EA3-9DF8-0354E33865E3}.Debug|Any CPU.Build.0 = Debug|Any CPU
		{7F2D581D-9663-4EA3-9DF8-0354E33865E3}.Release|Any CPU.ActiveCfg = Release|Any CPU
		{7F2D581D-9663-4EA3-9DF8-0354E33865E3}.Release|Any CPU.Build.0 = Release|Any CPU
	EndGlobalSection
	GlobalSection(SolutionProperties) = preSolution
		HideSolutionNode = FALSE
	EndGlobalSection
	GlobalSection(NestedProjects) = preSolution
		{A86A6EBA-F4B1-495A-8CD1-F2A473034E47} = {D113DC17-CBD4-412F-B29B-3DB1A39DC6AE}
		{F8D62D59-993D-4D8B-BE32-3B3FAA182B2B} = {A86A6EBA-F4B1-495A-8CD1-F2A473034E47}
	EndGlobalSection
	GlobalSection(ExtensibilityGlobals) = postSolution
		SolutionGuid = {553E6B42-B273-4E33-B542-6C03821F2D6E}
	EndGlobalSection
EndGlobal
